// !$*UTF8*$!
{
	archiveVersion = 1;
	classes = {
	};
	objectVersion = 50;
	objects = {

/* Begin PBXBuildFile section */
		D419123E22BAF3C20085D902 /* AppDelegate.swift in Sources */ = {isa = PBXBuildFile; fileRef = D419123D22BAF3C20085D902 /* AppDelegate.swift */; };
		D419124022BAF3C20085D902 /* GameScene.sks in Resources */ = {isa = PBXBuildFile; fileRef = D419123F22BAF3C20085D902 /* GameScene.sks */; };
		D419124422BAF3C20085D902 /* GameScene.swift in Sources */ = {isa = PBXBuildFile; fileRef = D419124322BAF3C20085D902 /* GameScene.swift */; };
		D419124622BAF3C20085D902 /* GameViewController.swift in Sources */ = {isa = PBXBuildFile; fileRef = D419124522BAF3C20085D902 /* GameViewController.swift */; };
		D419124922BAF3C20085D902 /* Main.storyboard in Resources */ = {isa = PBXBuildFile; fileRef = D419124722BAF3C20085D902 /* Main.storyboard */; };
		D419124B22BAF3C30085D902 /* Assets.xcassets in Resources */ = {isa = PBXBuildFile; fileRef = D419124A22BAF3C30085D902 /* Assets.xcassets */; };
		D419124E22BAF3C30085D902 /* LaunchScreen.storyboard in Resources */ = {isa = PBXBuildFile; fileRef = D419124C22BAF3C30085D902 /* LaunchScreen.storyboard */; };
		D419125622BAF44A0085D902 /* GameManager.swift in Sources */ = {isa = PBXBuildFile; fileRef = D419125522BAF44A0085D902 /* GameManager.swift */; };
		D44C19F1FDE322D2B29492A2 /* Pods_snek.framework in Frameworks */ = {isa = PBXBuildFile; fileRef = FC94E33141C97DC2D4C27169 /* Pods_snek.framework */; };
/* End PBXBuildFile section */

/* Begin PBXFileReference section */
		08143EB602F925FE0A808C4E /* Pods-snek.release.xcconfig */ = {isa = PBXFileReference; includeInIndex = 1; lastKnownFileType = text.xcconfig; name = "Pods-snek.release.xcconfig"; path = "Target Support Files/Pods-snek/Pods-snek.release.xcconfig"; sourceTree = "<group>"; };
		251F26074C45680247946EB0 /* Pods-snek.debug.xcconfig */ = {isa = PBXFileReference; includeInIndex = 1; lastKnownFileType = text.xcconfig; name = "Pods-snek.debug.xcconfig"; path = "Target Support Files/Pods-snek/Pods-snek.debug.xcconfig"; sourceTree = "<group>"; };
		D419123A22BAF3C20085D902 /* snek.app */ = {isa = PBXFileReference; explicitFileType = wrapper.application; includeInIndex = 0; path = snek.app; sourceTree = BUILT_PRODUCTS_DIR; };
		D419123D22BAF3C20085D902 /* AppDelegate.swift */ = {isa = PBXFileReference; lastKnownFileType = sourcecode.swift; path = AppDelegate.swift; sourceTree = "<group>"; };
		D419123F22BAF3C20085D902 /* GameScene.sks */ = {isa = PBXFileReference; lastKnownFileType = file.sks; path = GameScene.sks; sourceTree = "<group>"; };
		D419124322BAF3C20085D902 /* GameScene.swift */ = {isa = PBXFileReference; lastKnownFileType = sourcecode.swift; path = GameScene.swift; sourceTree = "<group>"; };
		D419124522BAF3C20085D902 /* GameViewController.swift */ = {isa = PBXFileReference; lastKnownFileType = sourcecode.swift; path = GameViewController.swift; sourceTree = "<group>"; };
		D419124822BAF3C20085D902 /* Base */ = {isa = PBXFileReference; lastKnownFileType = file.storyboard; name = Base; path = Base.lproj/Main.storyboard; sourceTree = "<group>"; };
		D419124A22BAF3C30085D902 /* Assets.xcassets */ = {isa = PBXFileReference; lastKnownFileType = folder.assetcatalog; path = Assets.xcassets; sourceTree = "<group>"; };
		D419124D22BAF3C30085D902 /* Base */ = {isa = PBXFileReference; lastKnownFileType = file.storyboard; name = Base; path = Base.lproj/LaunchScreen.storyboard; sourceTree = "<group>"; };
		D419124F22BAF3C30085D902 /* Info.plist */ = {isa = PBXFileReference; lastKnownFileType = text.plist.xml; path = Info.plist; sourceTree = "<group>"; };
		D419125522BAF44A0085D902 /* GameManager.swift */ = {isa = PBXFileReference; lastKnownFileType = sourcecode.swift; path = GameManager.swift; sourceTree = "<group>"; };
		D4622EFB22C543B7000EC4FB /* snek.entitlements */ = {isa = PBXFileReference; lastKnownFileType = text.plist.entitlements; path = snek.entitlements; sourceTree = "<group>"; };
		FC94E33141C97DC2D4C27169 /* Pods_snek.framework */ = {isa = PBXFileReference; explicitFileType = wrapper.framework; includeInIndex = 0; path = Pods_snek.framework; sourceTree = BUILT_PRODUCTS_DIR; };
/* End PBXFileReference section */

/* Begin PBXFrameworksBuildPhase section */
		D419123722BAF3C20085D902 /* Frameworks */ = {
			isa = PBXFrameworksBuildPhase;
			buildActionMask = 2147483647;
			files = (
				D44C19F1FDE322D2B29492A2 /* Pods_snek.framework in Frameworks */,
			);
			runOnlyForDeploymentPostprocessing = 0;
		};
/* End PBXFrameworksBuildPhase section */

/* Begin PBXGroup section */
		02E723A6F85E7057C94D02B6 /* Pods */ = {
			isa = PBXGroup;
			children = (
				251F26074C45680247946EB0 /* Pods-snek.debug.xcconfig */,
				08143EB602F925FE0A808C4E /* Pods-snek.release.xcconfig */,
			);
			path = Pods;
			sourceTree = "<group>";
		};
		5CC9EFCABA8FC4CF50E5BC31 /* Frameworks */ = {
			isa = PBXGroup;
			children = (
				FC94E33141C97DC2D4C27169 /* Pods_snek.framework */,
			);
			name = Frameworks;
			sourceTree = "<group>";
		};
		D419123122BAF3C20085D902 = {
			isa = PBXGroup;
			children = (
				D419123C22BAF3C20085D902 /* snek */,
				D419123B22BAF3C20085D902 /* Products */,
				02E723A6F85E7057C94D02B6 /* Pods */,
				5CC9EFCABA8FC4CF50E5BC31 /* Frameworks */,
			);
			sourceTree = "<group>";
		};
		D419123B22BAF3C20085D902 /* Products */ = {
			isa = PBXGroup;
			children = (
				D419123A22BAF3C20085D902 /* snek.app */,
			);
			name = Products;
			sourceTree = "<group>";
		};
		D419123C22BAF3C20085D902 /* snek */ = {
			isa = PBXGroup;
			children = (
				D4622EFB22C543B7000EC4FB /* snek.entitlements */,
				D419123D22BAF3C20085D902 /* AppDelegate.swift */,
				D419123F22BAF3C20085D902 /* GameScene.sks */,
				D419124322BAF3C20085D902 /* GameScene.swift */,
				D419124522BAF3C20085D902 /* GameViewController.swift */,
				D419124722BAF3C20085D902 /* Main.storyboard */,
				D419124A22BAF3C30085D902 /* Assets.xcassets */,
				D419124C22BAF3C30085D902 /* LaunchScreen.storyboard */,
				D419124F22BAF3C30085D902 /* Info.plist */,
				D419125522BAF44A0085D902 /* GameManager.swift */,
			);
			path = snek;
			sourceTree = "<group>";
		};
/* End PBXGroup section */

/* Begin PBXNativeTarget section */
		D419123922BAF3C20085D902 /* snek */ = {
			isa = PBXNativeTarget;
			buildConfigurationList = D419125222BAF3C30085D902 /* Build configuration list for PBXNativeTarget "snek" */;
			buildPhases = (
				CE4CF11FD22EC4F231EBC3ED /* [CP] Check Pods Manifest.lock */,
				D419123622BAF3C20085D902 /* Sources */,
				D419123722BAF3C20085D902 /* Frameworks */,
				D419123822BAF3C20085D902 /* Resources */,
			);
			buildRules = (
			);
			dependencies = (
			);
			name = snek;
			productName = snek;
			productReference = D419123A22BAF3C20085D902 /* snek.app */;
			productType = "com.apple.product-type.application";
		};
/* End PBXNativeTarget section */

/* Begin PBXProject section */
		D419123222BAF3C20085D902 /* Project object */ = {
			isa = PBXProject;
			attributes = {
				LastSwiftUpdateCheck = 1020;
				LastUpgradeCheck = 1020;
				ORGANIZATIONNAME = "Bailey Brooks";
				TargetAttributes = {
					D419123922BAF3C20085D902 = {
						CreatedOnToolsVersion = 10.2.1;
						SystemCapabilities = {
							com.apple.Push = {
								enabled = 1;
							};
						};
					};
				};
			};
			buildConfigurationList = D419123522BAF3C20085D902 /* Build configuration list for PBXProject "snek" */;
			compatibilityVersion = "Xcode 9.3";
			developmentRegion = en;
			hasScannedForEncodings = 0;
			knownRegions = (
				en,
				Base,
			);
			mainGroup = D419123122BAF3C20085D902;
			productRefGroup = D419123B22BAF3C20085D902 /* Products */;
			projectDirPath = "";
			projectRoot = "";
			targets = (
				D419123922BAF3C20085D902 /* snek */,
			);
		};
/* End PBXProject section */

/* Begin PBXResourcesBuildPhase section */
		D419123822BAF3C20085D902 /* Resources */ = {
			isa = PBXResourcesBuildPhase;
			buildActionMask = 2147483647;
			files = (
				D419124922BAF3C20085D902 /* Main.storyboard in Resources */,
				D419124022BAF3C20085D902 /* GameScene.sks in Resources */,
				D419124B22BAF3C30085D902 /* Assets.xcassets in Resources */,
				D419124E22BAF3C30085D902 /* LaunchScreen.storyboard in Resources */,
			);
			runOnlyForDeploymentPostprocessing = 0;
		};
/* End PBXResourcesBuildPhase section */

/* Begin PBXShellScriptBuildPhase section */
		CE4CF11FD22EC4F231EBC3ED /* [CP] Check Pods Manifest.lock */ = {
			isa = PBXShellScriptBuildPhase;
			buildActionMask = 2147483647;
			files = (
			);
			inputFileListPaths = (
			);
			inputPaths = (
				"${PODS_PODFILE_DIR_PATH}/Podfile.lock",
				"${PODS_ROOT}/Manifest.lock",
			);
			name = "[CP] Check Pods Manifest.lock";
			outputFileListPaths = (
			);
			outputPaths = (
				"$(DERIVED_FILE_DIR)/Pods-snek-checkManifestLockResult.txt",
			);
			runOnlyForDeploymentPostprocessing = 0;
			shellPath = /bin/sh;
			shellScript = "diff \"${PODS_PODFILE_DIR_PATH}/Podfile.lock\" \"${PODS_ROOT}/Manifest.lock\" > /dev/null\nif [ $? != 0 ] ; then\n    # print error to STDERR\n    echo \"error: The sandbox is not in sync with the Podfile.lock. Run 'pod install' or update your CocoaPods installation.\" >&2\n    exit 1\nfi\n# This output is used by Xcode 'outputs' to avoid re-running this script phase.\necho \"SUCCESS\" > \"${SCRIPT_OUTPUT_FILE_0}\"\n";
			showEnvVarsInLog = 0;
		};
/* End PBXShellScriptBuildPhase section */

/* Begin PBXSourcesBuildPhase section */
		D419123622BAF3C20085D902 /* Sources */ = {
			isa = PBXSourcesBuildPhase;
			buildActionMask = 2147483647;
			files = (
				D419124422BAF3C20085D902 /* GameScene.swift in Sources */,
				D419125622BAF44A0085D902 /* GameManager.swift in Sources */,
				D419124622BAF3C20085D902 /* GameViewController.swift in Sources */,
				D419123E22BAF3C20085D902 /* AppDelegate.swift in Sources */,
			);
			runOnlyForDeploymentPostprocessing = 0;
		};
/* End PBXSourcesBuildPhase section */

/* Begin PBXVariantGroup section */
		D419124722BAF3C20085D902 /* Main.storyboard */ = {
			isa = PBXVariantGroup;
			children = (
				D419124822BAF3C20085D902 /* Base */,
			);
			name = Main.storyboard;
			sourceTree = "<group>";
		};
		D419124C22BAF3C30085D902 /* LaunchScreen.storyboard */ = {
			isa = PBXVariantGroup;
			children = (
				D419124D22BAF3C30085D902 /* Base */,
			);
			name = LaunchScreen.storyboard;
			sourceTree = "<group>";
		};
/* End PBXVariantGroup section */

/* Begin XCBuildConfiguration section */
		D419125022BAF3C30085D902 /* Debug */ = {
			isa = XCBuildConfiguration;
			buildSettings = {
				ALWAYS_SEARCH_USER_PATHS = NO;
				CLANG_ANALYZER_NONNULL = YES;
				CLANG_ANALYZER_NUMBER_OBJECT_CONVERSION = YES_AGGRESSIVE;
				CLANG_CXX_LANGUAGE_STANDARD = "gnu++14";
				CLANG_CXX_LIBRARY = "libc++";
				CLANG_ENABLE_MODULES = YES;
				CLANG_ENABLE_OBJC_ARC = YES;
				CLANG_ENABLE_OBJC_WEAK = YES;
				CLANG_WARN_BLOCK_CAPTURE_AUTORELEASING = YES;
				CLANG_WARN_BOOL_CONVERSION = YES;
				CLANG_WARN_COMMA = YES;
				CLANG_WARN_CONSTANT_CONVERSION = YES;
				CLANG_WARN_DEPRECATED_OBJC_IMPLEMENTATIONS = YES;
				CLANG_WARN_DIRECT_OBJC_ISA_USAGE = YES_ERROR;
				CLANG_WARN_DOCUMENTATION_COMMENTS = YES;
				CLANG_WARN_EMPTY_BODY = YES;
				CLANG_WARN_ENUM_CONVERSION = YES;
				CLANG_WARN_INFINITE_RECURSION = YES;
				CLANG_WARN_INT_CONVERSION = YES;
				CLANG_WARN_NON_LITERAL_NULL_CONVERSION = YES;
				CLANG_WARN_OBJC_IMPLICIT_RETAIN_SELF = YES;
				CLANG_WARN_OBJC_LITERAL_CONVERSION = YES;
				CLANG_WARN_OBJC_ROOT_CLASS = YES_ERROR;
				CLANG_WARN_RANGE_LOOP_ANALYSIS = YES;
				CLANG_WARN_STRICT_PROTOTYPES = YES;
				CLANG_WARN_SUSPICIOUS_MOVE = YES;
				CLANG_WARN_UNGUARDED_AVAILABILITY = YES_AGGRESSIVE;
				CLANG_WARN_UNREACHABLE_CODE = YES;
				CLANG_WARN__DUPLICATE_METHOD_MATCH = YES;
				CODE_SIGN_IDENTITY = "iPhone Developer";
				COPY_PHASE_STRIP = NO;
				DEBUG_INFORMATION_FORMAT = dwarf;
				ENABLE_STRICT_OBJC_MSGSEND = YES;
				ENABLE_TESTABILITY = YES;
				GCC_C_LANGUAGE_STANDARD = gnu11;
				GCC_DYNAMIC_NO_PIC = NO;
				GCC_NO_COMMON_BLOCKS = YES;
				GCC_OPTIMIZATION_LEVEL = 0;
				GCC_PREPROCESSOR_DEFINITIONS = (
					"DEBUG=1",
					"$(inherited)",
				);
				GCC_WARN_64_TO_32_BIT_CONVERSION = YES;
				GCC_WARN_ABOUT_RETURN_TYPE = YES_ERROR;
				GCC_WARN_UNDECLARED_SELECTOR = YES;
				GCC_WARN_UNINITIALIZED_AUTOS = YES_AGGRESSIVE;
				GCC_WARN_UNUSED_FUNCTION = YES;
				GCC_WARN_UNUSED_VARIABLE = YES;
				IPHONEOS_DEPLOYMENT_TARGET = 12.2;
				MTL_ENABLE_DEBUG_INFO = INCLUDE_SOURCE;
				MTL_FAST_MATH = YES;
				ONLY_ACTIVE_ARCH = YES;
				SDKROOT = iphoneos;
				SWIFT_ACTIVE_COMPILATION_CONDITIONS = DEBUG;
				SWIFT_OPTIMIZATION_LEVEL = "-Onone";
			};
			name = Debug;
		};
		D419125122BAF3C30085D902 /* Release */ = {
			isa = XCBuildConfiguration;
			buildSettings = {
				ALWAYS_SEARCH_USER_PATHS = NO;
				CLANG_ANALYZER_NONNULL = YES;
				CLANG_ANALYZER_NUMBER_OBJECT_CONVERSION = YES_AGGRESSIVE;
				CLANG_CXX_LANGUAGE_STANDARD = "gnu++14";
				CLANG_CXX_LIBRARY = "libc++";
				CLANG_ENABLE_MODULES = YES;
				CLANG_ENABLE_OBJC_ARC = YES;
				CLANG_ENABLE_OBJC_WEAK = YES;
				CLANG_WARN_BLOCK_CAPTURE_AUTORELEASING = YES;
				CLANG_WARN_BOOL_CONVERSION = YES;
				CLANG_WARN_COMMA = YES;
				CLANG_WARN_CONSTANT_CONVERSION = YES;
				CLANG_WARN_DEPRECATED_OBJC_IMPLEMENTATIONS = YES;
				CLANG_WARN_DIRECT_OBJC_ISA_USAGE = YES_ERROR;
				CLANG_WARN_DOCUMENTATION_COMMENTS = YES;
				CLANG_WARN_EMPTY_BODY = YES;
				CLANG_WARN_ENUM_CONVERSION = YES;
				CLANG_WARN_INFINITE_RECURSION = YES;
				CLANG_WARN_INT_CONVERSION = YES;
				CLANG_WARN_NON_LITERAL_NULL_CONVERSION = YES;
				CLANG_WARN_OBJC_IMPLICIT_RETAIN_SELF = YES;
				CLANG_WARN_OBJC_LITERAL_CONVERSION = YES;
				CLANG_WARN_OBJC_ROOT_CLASS = YES_ERROR;
				CLANG_WARN_RANGE_LOOP_ANALYSIS = YES;
				CLANG_WARN_STRICT_PROTOTYPES = YES;
				CLANG_WARN_SUSPICIOUS_MOVE = YES;
				CLANG_WARN_UNGUARDED_AVAILABILITY = YES_AGGRESSIVE;
				CLANG_WARN_UNREACHABLE_CODE = YES;
				CLANG_WARN__DUPLICATE_METHOD_MATCH = YES;
				CODE_SIGN_IDENTITY = "iPhone Developer";
				COPY_PHASE_STRIP = NO;
				DEBUG_INFORMATION_FORMAT = "dwarf-with-dsym";
				ENABLE_NS_ASSERTIONS = NO;
				ENABLE_STRICT_OBJC_MSGSEND = YES;
				GCC_C_LANGUAGE_STANDARD = gnu11;
				GCC_NO_COMMON_BLOCKS = YES;
				GCC_WARN_64_TO_32_BIT_CONVERSION = YES;
				GCC_WARN_ABOUT_RETURN_TYPE = YES_ERROR;
				GCC_WARN_UNDECLARED_SELECTOR = YES;
				GCC_WARN_UNINITIALIZED_AUTOS = YES_AGGRESSIVE;
				GCC_WARN_UNUSED_FUNCTION = YES;
				GCC_WARN_UNUSED_VARIABLE = YES;
				IPHONEOS_DEPLOYMENT_TARGET = 12.2;
				MTL_ENABLE_DEBUG_INFO = NO;
				MTL_FAST_MATH = YES;
				SDKROOT = iphoneos;
				SWIFT_COMPILATION_MODE = wholemodule;
				SWIFT_OPTIMIZATION_LEVEL = "-O";
				VALIDATE_PRODUCT = YES;
			};
			name = Release;
		};
		D419125322BAF3C30085D902 /* Debug */ = {
			isa = XCBuildConfiguration;
			baseConfigurationReference = 251F26074C45680247946EB0 /* Pods-snek.debug.xcconfig */;
			buildSettings = {
				ASSETCATALOG_COMPILER_APPICON_NAME = AppIcon;
				CODE_SIGN_ENTITLEMENTS = snek/snek.entitlements;
				CODE_SIGN_IDENTITY = "iPhone Developer";
				CODE_SIGN_STYLE = Automatic;
				DEVELOPMENT_TEAM = UBF8T346G9;
				INFOPLIST_FILE = snek/Info.plist;
				LD_RUNPATH_SEARCH_PATHS = (
					"$(inherited)",
					"@executable_path/Frameworks",
				);
				PRODUCT_BUNDLE_IDENTIFIER = baileyb.snek;
				PRODUCT_NAME = "$(TARGET_NAME)";
				PROVISIONING_PROFILE_SPECIFIER = "";
				SWIFT_VERSION = 5.0;
				TARGETED_DEVICE_FAMILY = "1,2";
			};
			name = Debug;
		};
		D419125422BAF3C30085D902 /* Release */ = {
			isa = XCBuildConfiguration;
			baseConfigurationReference = 08143EB602F925FE0A808C4E /* Pods-snek.release.xcconfig */;
			buildSettings = {
				ASSETCATALOG_COMPILER_APPICON_NAME = AppIcon;
				CODE_SIGN_ENTITLEMENTS = snek/snek.entitlements;
				CODE_SIGN_IDENTITY = "iPhone Developer";
				CODE_SIGN_STYLE = Automatic;
				DEVELOPMENT_TEAM = UBF8T346G9;
				INFOPLIST_FILE = snek/Info.plist;
				LD_RUNPATH_SEARCH_PATHS = (
					"$(inherited)",
					"@executable_path/Frameworks",
				);
				PRODUCT_BUNDLE_IDENTIFIER = baileyb.snek;
				PRODUCT_NAME = "$(TARGET_NAME)";
				PROVISIONING_PROFILE_SPECIFIER = "";
				SWIFT_VERSION = 5.0;
				TARGETED_DEVICE_FAMILY = "1,2";
			};
			name = Release;
		};
/* End XCBuildConfiguration section */

/* Begin XCConfigurationList section */
		D419123522BAF3C20085D902 /* Build configuration list for PBXProject "snek" */ = {
			isa = XCConfigurationList;
			buildConfigurations = (
				D419125022BAF3C30085D902 /* Debug */,
				D419125122BAF3C30085D902 /* Release */,
			);
			defaultConfigurationIsVisible = 0;
			defaultConfigurationName = Release;
		};
		D419125222BAF3C30085D902 /* Build configuration list for PBXNativeTarget "snek" */ = {
			isa = XCConfigurationList;
			buildConfigurations = (
				D419125322BAF3C30085D902 /* Debug */,
				D419125422BAF3C30085D902 /* Release */,
			);
			defaultConfigurationIsVisible = 0;
			defaultConfigurationName = Release;
		};
/* End XCConfigurationList section */
	};
	rootObject = D419123222BAF3C20085D902 /* Project object */;
}
